
Microsoft Visual Studio Solution File, Format Version 12.00
# Visual Studio Version 17
VisualStudioVersion = 17.1.32328.378
MinimumVisualStudioVersion = 10.0.40219.1
Project("{FAE04EC0-301F-11D3-BF4B-00C04F79EFBC}") = "ELearning", "ELearning\ELearning.csproj", "{3251CB75-4FF1-45BA-8EBE-5538AF41DA40}"
EndProject
Global
	GlobalSection(SolutionConfigurationPlatforms) = preSolution
		Debug|Any CPU = Debug|Any CPU
		Release|Any CPU = Release|Any CPU
	EndGlobalSection
	GlobalSection(ProjectConfigurationPlatforms) = postSolution
		{3251CB75-4FF1-45BA-8EBE-5538AF41DA40}.Debug|Any CPU.ActiveCfg = Debug|Any CPU
		{3251CB75-4FF1-45BA-8EBE-5538AF41DA40}.Debug|Any CPU.Build.0 = Debug|Any CPU
		{3251CB75-4FF1-45BA-8EBE-5538AF41DA40}.Release|Any CPU.ActiveCfg = Release|Any CPU
		{3251CB75-4FF1-45BA-8EBE-5538AF41DA40}.Release|Any CPU.Build.0 = Release|Any CPU
	EndGlobalSection
	GlobalSection(SolutionProperties) = preSolution
		HideSolutionNode = FALSE
	EndGlobalSection
	GlobalSection(ExtensibilityGlobals) = postSolution
		SolutionGuid = {C0CB6D07-CE18-41EB-B532-3CAF83BCE997}
	EndGlobalSection
EndGlobal
